
Microsoft Visual Studio Solution File, Format Version 12.00
# Visual Studio Version 17
VisualStudioVersion = 17.14.36414.22 d17.14
MinimumVisualStudioVersion = 10.0.40219.1
Project("{FAE04EC0-301F-11D3-BF4B-00C04F79EFBC}") = "calculadora-cs", "calculadora-cs.csproj", "{585CF1B7-16CA-4DB0-BD28-05F4865D3320}"
EndProject
Global
	GlobalSection(SolutionConfigurationPlatforms) = preSolution
		Debug|Any CPU = Debug|Any CPU
		Release|Any CPU = Release|Any CPU
	EndGlobalSection
	GlobalSection(ProjectConfigurationPlatforms) = postSolution
		{585CF1B7-16CA-4DB0-BD28-05F4865D3320}.Debug|Any CPU.ActiveCfg = Debug|Any CPU
		{585CF1B7-16CA-4DB0-BD28-05F4865D3320}.Debug|Any CPU.Build.0 = Debug|Any CPU
		{585CF1B7-16CA-4DB0-BD28-05F4865D3320}.Release|Any CPU.ActiveCfg = Release|Any CPU
		{585CF1B7-16CA-4DB0-BD28-05F4865D3320}.Release|Any CPU.Build.0 = Release|Any CPU
	EndGlobalSection
	GlobalSection(SolutionProperties) = preSolution
		HideSolutionNode = FALSE
	EndGlobalSection
	GlobalSection(ExtensibilityGlobals) = postSolution
		SolutionGuid = {3AAE3628-9F97-42CE-B3CF-2481D3E5095E}
	EndGlobalSection
EndGlobal
